
Microsoft Visual Studio Solution File, Format Version 12.00
# Visual Studio 15
VisualStudioVersion = 15.0.28307.329
MinimumVisualStudioVersion = 10.0.40219.1
Project("{9A19103F-16F7-4668-BE54-9A1E7A4F7556}") = "WebUi", "WebUi\WebUi.csproj", "{11F85D9A-E1F2-48AD-A721-759E96AD0F86}"
EndProject
Project("{9A19103F-16F7-4668-BE54-9A1E7A4F7556}") = "IDP", "IDP\IDP.csproj", "{205646B6-C0CC-4AF6-BED3-94DA9DE2B900}"
EndProject
Global
	GlobalSection(SolutionConfigurationPlatforms) = preSolution
		Debug|Any CPU = Debug|Any CPU
		Release|Any CPU = Release|Any CPU
	EndGlobalSection
	GlobalSection(ProjectConfigurationPlatforms) = postSolution
		{11F85D9A-E1F2-48AD-A721-759E96AD0F86}.Debug|Any CPU.ActiveCfg = Debug|Any CPU
		{11F85D9A-E1F2-48AD-A721-759E96AD0F86}.Debug|Any CPU.Build.0 = Debug|Any CPU
		{11F85D9A-E1F2-48AD-A721-759E96AD0F86}.Release|Any CPU.ActiveCfg = Release|Any CPU
		{11F85D9A-E1F2-48AD-A721-759E96AD0F86}.Release|Any CPU.Build.0 = Release|Any CPU
		{205646B6-C0CC-4AF6-BED3-94DA9DE2B900}.Debug|Any CPU.ActiveCfg = Debug|Any CPU
		{205646B6-C0CC-4AF6-BED3-94DA9DE2B900}.Debug|Any CPU.Build.0 = Debug|Any CPU
		{205646B6-C0CC-4AF6-BED3-94DA9DE2B900}.Release|Any CPU.ActiveCfg = Release|Any CPU
		{205646B6-C0CC-4AF6-BED3-94DA9DE2B900}.Release|Any CPU.Build.0 = Release|Any CPU
	EndGlobalSection
	GlobalSection(SolutionProperties) = preSolution
		HideSolutionNode = FALSE
	EndGlobalSection
	GlobalSection(ExtensibilityGlobals) = postSolution
		SolutionGuid = {93AED32F-5FDD-4F81-868F-CF2788CDF6D0}
	EndGlobalSection
EndGlobal
